
Microsoft Visual Studio Solution File, Format Version 12.00
Project("{FAE04EC0-301F-11D3-BF4B-00C04F79EFBC}") = "CityBreaks.Web", "CityBreaks.Web\CityBreaks.Web.csproj", "{913AB980-58C1-4288-B81F-72DBB60337B9}"
EndProject
Global
	GlobalSection(SolutionConfigurationPlatforms) = preSolution
		Debug|Any CPU = Debug|Any CPU
		Release|Any CPU = Release|Any CPU
	EndGlobalSection
	GlobalSection(ProjectConfigurationPlatforms) = postSolution
		{913AB980-58C1-4288-B81F-72DBB60337B9}.Debug|Any CPU.ActiveCfg = Debug|Any CPU
		{913AB980-58C1-4288-B81F-72DBB60337B9}.Debug|Any CPU.Build.0 = Debug|Any CPU
		{913AB980-58C1-4288-B81F-72DBB60337B9}.Release|Any CPU.ActiveCfg = Release|Any CPU
		{913AB980-58C1-4288-B81F-72DBB60337B9}.Release|Any CPU.Build.0 = Release|Any CPU
	EndGlobalSection
EndGlobal
